
Microsoft Visual Studio Solution File, Format Version 12.00
# Visual Studio 2013
VisualStudioVersion = 12.0.31101.0
MinimumVisualStudioVersion = 10.0.40219.1
Project("{FAE04EC0-301F-11D3-BF4B-00C04F79EFBC}") = "Cameronism.Json", "Cameronism.Json\Cameronism.Json.csproj", "{FDA49EF6-BB6E-4E13-8442-D70909A27E47}"
EndProject
Project("{FAE04EC0-301F-11D3-BF4B-00C04F79EFBC}") = "Cameronism.Json.Tests", "Cameronism.Json.Tests\Cameronism.Json.Tests.csproj", "{C95E0E68-D267-43DA-9F87-413A2FC53146}"
EndProject
Project("{FAE04EC0-301F-11D3-BF4B-00C04F79EFBC}") = "Cameronism.Json.Benchmarks", "Cameronism.Json.Benchmarks\Cameronism.Json.Benchmarks.csproj", "{DC38A704-6CA7-4C6D-B994-93AB324E671E}"
EndProject
Project("{2150E333-8FDC-42A3-9474-1A3956D46DE8}") = "Solution Items", "Solution Items", "{3CECC426-113D-4F68-8F59-E7329904C2AA}"
	ProjectSection(SolutionItems) = preProject
		Performance1.psess = Performance1.psess
	EndProjectSection
EndProject
Global
	GlobalSection(SolutionConfigurationPlatforms) = preSolution
		Debug|Any CPU = Debug|Any CPU
		Debug|x64 = Debug|x64
		Release|Any CPU = Release|Any CPU
		Release|x64 = Release|x64
	EndGlobalSection
	GlobalSection(ProjectConfigurationPlatforms) = postSolution
		{FDA49EF6-BB6E-4E13-8442-D70909A27E47}.Debug|Any CPU.ActiveCfg = Debug|Any CPU
		{FDA49EF6-BB6E-4E13-8442-D70909A27E47}.Debug|Any CPU.Build.0 = Debug|Any CPU
		{FDA49EF6-BB6E-4E13-8442-D70909A27E47}.Debug|x64.ActiveCfg = Debug|x64
		{FDA49EF6-BB6E-4E13-8442-D70909A27E47}.Debug|x64.Build.0 = Debug|x64
		{FDA49EF6-BB6E-4E13-8442-D70909A27E47}.Release|Any CPU.ActiveCfg = Release|Any CPU
		{FDA49EF6-BB6E-4E13-8442-D70909A27E47}.Release|Any CPU.Build.0 = Release|Any CPU
		{FDA49EF6-BB6E-4E13-8442-D70909A27E47}.Release|x64.ActiveCfg = Release|x64
		{FDA49EF6-BB6E-4E13-8442-D70909A27E47}.Release|x64.Build.0 = Release|x64
		{C95E0E68-D267-43DA-9F87-413A2FC53146}.Debug|Any CPU.ActiveCfg = Debug|Any CPU
		{C95E0E68-D267-43DA-9F87-413A2FC53146}.Debug|Any CPU.Build.0 = Debug|Any CPU
		{C95E0E68-D267-43DA-9F87-413A2FC53146}.Debug|x64.ActiveCfg = Debug|x64
		{C95E0E68-D267-43DA-9F87-413A2FC53146}.Release|Any CPU.ActiveCfg = Release|Any CPU
		{C95E0E68-D267-43DA-9F87-413A2FC53146}.Release|Any CPU.Build.0 = Release|Any CPU
		{C95E0E68-D267-43DA-9F87-413A2FC53146}.Release|x64.ActiveCfg = Release|x64
		{DC38A704-6CA7-4C6D-B994-93AB324E671E}.Debug|Any CPU.ActiveCfg = Debug|x64
		{DC38A704-6CA7-4C6D-B994-93AB324E671E}.Debug|x64.ActiveCfg = Debug|x64
		{DC38A704-6CA7-4C6D-B994-93AB324E671E}.Debug|x64.Build.0 = Debug|x64
		{DC38A704-6CA7-4C6D-B994-93AB324E671E}.Release|Any CPU.ActiveCfg = Release|x64
		{DC38A704-6CA7-4C6D-B994-93AB324E671E}.Release|x64.ActiveCfg = Release|x64
		{DC38A704-6CA7-4C6D-B994-93AB324E671E}.Release|x64.Build.0 = Release|x64
	EndGlobalSection
	GlobalSection(SolutionProperties) = preSolution
		HideSolutionNode = FALSE
	EndGlobalSection
EndGlobal
